
Microsoft Visual Studio Solution File, Format Version 12.00
# Visual Studio 15
VisualStudioVersion = 15.0.27703.2000
MinimumVisualStudioVersion = 10.0.40219.1
Project("{FAE04EC0-301F-11D3-BF4B-00C04F79EFBC}") = "ASimpleLetterCounter", "ASimpleLetterCounter\ASimpleLetterCounter.csproj", "{FBC2ADB0-4CD4-41BF-81F9-62F53EABE263}"
EndProject
Global
	GlobalSection(SolutionConfigurationPlatforms) = preSolution
		Debug|Any CPU = Debug|Any CPU
		Release|Any CPU = Release|Any CPU
	EndGlobalSection
	GlobalSection(ProjectConfigurationPlatforms) = postSolution
		{FBC2ADB0-4CD4-41BF-81F9-62F53EABE263}.Debug|Any CPU.ActiveCfg = Debug|Any CPU
		{FBC2ADB0-4CD4-41BF-81F9-62F53EABE263}.Debug|Any CPU.Build.0 = Debug|Any CPU
		{FBC2ADB0-4CD4-41BF-81F9-62F53EABE263}.Release|Any CPU.ActiveCfg = Release|Any CPU
		{FBC2ADB0-4CD4-41BF-81F9-62F53EABE263}.Release|Any CPU.Build.0 = Release|Any CPU
	EndGlobalSection
	GlobalSection(SolutionProperties) = preSolution
		HideSolutionNode = FALSE
	EndGlobalSection
	GlobalSection(ExtensibilityGlobals) = postSolution
		SolutionGuid = {7356E7C6-C261-493D-B88A-2C882ABF4C6D}
	EndGlobalSection
EndGlobal
